// !$*UTF8*$!
{
	archiveVersion = 1;
	classes = {
	};
	objectVersion = 70;
	objects = {

/* Begin PBXBuildFile section */
		8512A5652EA0B49A008D893B /* numpad-glass-icon.icon in Resources */ = {isa = PBXBuildFile; fileRef = 8512A5642EA0B49A008D893B /* numpad-glass-icon.icon */; };
		85349F8C2EA5A91B005B5624 /* AggregationPeriod.swift in Sources */ = {isa = PBXBuildFile; fileRef = 85349F8B2EA5A91B005B5624 /* AggregationPeriod.swift */; };
		85427FC02EA2070D0052426E /* QuantityTypeRow.swift in Sources */ = {isa = PBXBuildFile; fileRef = 85427FBF2EA2070D0052426E /* QuantityTypeRow.swift */; };
		85427FC12EA2070D0052426E /* ActivityViewController.swift in Sources */ = {isa = PBXBuildFile; fileRef = 85427FBE2EA2070D0052426E /* ActivityViewController.swift */; };
		85E4917B2EA09B250040BD3A /* WidgetKit.framework in Frameworks */ = {isa = PBXBuildFile; fileRef = 85E4917A2EA09B240040BD3A /* WidgetKit.framework */; };
		85E4917D2EA09B250040BD3A /* SwiftUI.framework in Frameworks */ = {isa = PBXBuildFile; fileRef = 85E4917C2EA09B250040BD3A /* SwiftUI.framework */; };
		85E4918A2EA09B260040BD3A /* NumpadWidgetExtension.appex in Embed Foundation Extensions */ = {isa = PBXBuildFile; fileRef = 85E491782EA09B240040BD3A /* NumpadWidgetExtension.appex */; settings = {ATTRIBUTES = (RemoveHeadersOnCopy, ); }; };
		A10000001A /* NumpadApp.swift in Sources */ = {isa = PBXBuildFile; fileRef = A10000002A /* NumpadApp.swift */; };
		A10000003A /* ContentView.swift in Sources */ = {isa = PBXBuildFile; fileRef = A10000004A /* ContentView.swift */; };
		A10000005A /* Assets.xcassets in Resources */ = {isa = PBXBuildFile; fileRef = A10000006A /* Assets.xcassets */; };
		A10000007A /* ValueFormat.swift in Sources */ = {isa = PBXBuildFile; fileRef = A10000008A /* ValueFormat.swift */; };
		A10000008B /* AggregationType.swift in Sources */ = {isa = PBXBuildFile; fileRef = A10000008C /* AggregationType.swift */; };
		A10000009A /* QuantityType.swift in Sources */ = {isa = PBXBuildFile; fileRef = A1000000AA /* QuantityType.swift */; };
		A1000000BA /* Entry.swift in Sources */ = {isa = PBXBuildFile; fileRef = A1000000CA /* Entry.swift */; };
		A1000000DA /* EntryViewModel.swift in Sources */ = {isa = PBXBuildFile; fileRef = A1000000EA /* EntryViewModel.swift */; };
		A1000000FA /* QuantityTypeViewModel.swift in Sources */ = {isa = PBXBuildFile; fileRef = A10000010A /* QuantityTypeViewModel.swift */; };
		A10000011A /* AnalyticsViewModel.swift in Sources */ = {isa = PBXBuildFile; fileRef = A10000012A /* AnalyticsViewModel.swift */; };
		A10000013A /* DurationPicker.swift in Sources */ = {isa = PBXBuildFile; fileRef = A10000014A /* DurationPicker.swift */; };
		A10000015A /* ValueInputView.swift in Sources */ = {isa = PBXBuildFile; fileRef = A10000016A /* ValueInputView.swift */; };
		A10000017A /* QuantityTypeCard.swift in Sources */ = {isa = PBXBuildFile; fileRef = A10000018A /* QuantityTypeCard.swift */; };
		A10000019A /* AddEntryView.swift in Sources */ = {isa = PBXBuildFile; fileRef = A1000001AA /* AddEntryView.swift */; };
		A1000001BA /* AddQuantityTypeView.swift in Sources */ = {isa = PBXBuildFile; fileRef = A1000001CA /* AddQuantityTypeView.swift */; };
		A1000001BB /* EditQuantityTypeView.swift in Sources */ = {isa = PBXBuildFile; fileRef = A1000001CB /* EditQuantityTypeView.swift */; };
		A1000001DA /* AnalyticsView.swift in Sources */ = {isa = PBXBuildFile; fileRef = A1000001EA /* AnalyticsView.swift */; };
		A1000001FA /* EntryHistoryView.swift in Sources */ = {isa = PBXBuildFile; fileRef = A10000020A /* EntryHistoryView.swift */; };
		A10000021A /* LogEntryIntent.swift in Sources */ = {isa = PBXBuildFile; fileRef = A10000022A /* LogEntryIntent.swift */; };
		A10000023A /* AppShortcuts.swift in Sources */ = {isa = PBXBuildFile; fileRef = A10000024A /* AppShortcuts.swift */; };
/* End PBXBuildFile section */

/* Begin PBXContainerItemProxy section */
		85E491882EA09B260040BD3A /* PBXContainerItemProxy */ = {
			isa = PBXContainerItemProxy;
			containerPortal = A10000033A /* Project object */;
			proxyType = 1;
			remoteGlobalIDString = 85E491772EA09B240040BD3A;
			remoteInfo = NumpadWidgetExtension;
		};
/* End PBXContainerItemProxy section */

/* Begin PBXCopyFilesBuildPhase section */
		85E4918B2EA09B260040BD3A /* Embed Foundation Extensions */ = {
			isa = PBXCopyFilesBuildPhase;
			buildActionMask = 2147483647;
			dstPath = "";
			dstSubfolderSpec = 13;
			files = (
				85E4918A2EA09B260040BD3A /* NumpadWidgetExtension.appex in Embed Foundation Extensions */,
			);
			name = "Embed Foundation Extensions";
			runOnlyForDeploymentPostprocessing = 0;
		};
/* End PBXCopyFilesBuildPhase section */

/* Begin PBXFileReference section */
		850507112EA0285D00F40BA9 /* Numpad.entitlements */ = {isa = PBXFileReference; lastKnownFileType = text.plist.entitlements; path = Numpad.entitlements; sourceTree = "<group>"; };
		8512A5642EA0B49A008D893B /* numpad-glass-icon.icon */ = {isa = PBXFileReference; lastKnownFileType = folder.iconcomposer.icon; path = "numpad-glass-icon.icon"; sourceTree = "<group>"; };
		85349F8B2EA5A91B005B5624 /* AggregationPeriod.swift */ = {isa = PBXFileReference; lastKnownFileType = sourcecode.swift; path = AggregationPeriod.swift; sourceTree = "<group>"; };
		85427FBE2EA2070D0052426E /* ActivityViewController.swift */ = {isa = PBXFileReference; lastKnownFileType = sourcecode.swift; path = ActivityViewController.swift; sourceTree = "<group>"; };
		85427FBF2EA2070D0052426E /* QuantityTypeRow.swift */ = {isa = PBXFileReference; lastKnownFileType = sourcecode.swift; path = QuantityTypeRow.swift; sourceTree = "<group>"; };
		85E491782EA09B240040BD3A /* NumpadWidgetExtension.appex */ = {isa = PBXFileReference; explicitFileType = "wrapper.app-extension"; includeInIndex = 0; path = NumpadWidgetExtension.appex; sourceTree = BUILT_PRODUCTS_DIR; };
		85E4917A2EA09B240040BD3A /* WidgetKit.framework */ = {isa = PBXFileReference; lastKnownFileType = wrapper.framework; name = WidgetKit.framework; path = System/Library/Frameworks/WidgetKit.framework; sourceTree = SDKROOT; };
		85E4917C2EA09B250040BD3A /* SwiftUI.framework */ = {isa = PBXFileReference; lastKnownFileType = wrapper.framework; name = SwiftUI.framework; path = System/Library/Frameworks/SwiftUI.framework; sourceTree = SDKROOT; };
		A10000002A /* NumpadApp.swift */ = {isa = PBXFileReference; lastKnownFileType = sourcecode.swift; path = NumpadApp.swift; sourceTree = "<group>"; };
		A10000004A /* ContentView.swift */ = {isa = PBXFileReference; lastKnownFileType = sourcecode.swift; path = ContentView.swift; sourceTree = "<group>"; };
		A10000006A /* Assets.xcassets */ = {isa = PBXFileReference; lastKnownFileType = folder.assetcatalog; path = Assets.xcassets; sourceTree = "<group>"; };
		A10000008A /* ValueFormat.swift */ = {isa = PBXFileReference; lastKnownFileType = sourcecode.swift; path = ValueFormat.swift; sourceTree = "<group>"; };
		A10000008C /* AggregationType.swift */ = {isa = PBXFileReference; lastKnownFileType = sourcecode.swift; path = AggregationType.swift; sourceTree = "<group>"; };
		A1000000AA /* QuantityType.swift */ = {isa = PBXFileReference; lastKnownFileType = sourcecode.swift; path = QuantityType.swift; sourceTree = "<group>"; };
		A1000000CA /* Entry.swift */ = {isa = PBXFileReference; lastKnownFileType = sourcecode.swift; path = Entry.swift; sourceTree = "<group>"; };
		A1000000EA /* EntryViewModel.swift */ = {isa = PBXFileReference; lastKnownFileType = sourcecode.swift; path = EntryViewModel.swift; sourceTree = "<group>"; };
		A10000010A /* QuantityTypeViewModel.swift */ = {isa = PBXFileReference; lastKnownFileType = sourcecode.swift; path = QuantityTypeViewModel.swift; sourceTree = "<group>"; };
		A10000012A /* AnalyticsViewModel.swift */ = {isa = PBXFileReference; lastKnownFileType = sourcecode.swift; path = AnalyticsViewModel.swift; sourceTree = "<group>"; };
		A10000014A /* DurationPicker.swift */ = {isa = PBXFileReference; lastKnownFileType = sourcecode.swift; path = DurationPicker.swift; sourceTree = "<group>"; };
		A10000016A /* ValueInputView.swift */ = {isa = PBXFileReference; lastKnownFileType = sourcecode.swift; path = ValueInputView.swift; sourceTree = "<group>"; };
		A10000018A /* QuantityTypeCard.swift */ = {isa = PBXFileReference; lastKnownFileType = sourcecode.swift; path = QuantityTypeCard.swift; sourceTree = "<group>"; };
		A1000001AA /* AddEntryView.swift */ = {isa = PBXFileReference; lastKnownFileType = sourcecode.swift; path = AddEntryView.swift; sourceTree = "<group>"; };
		A1000001CA /* AddQuantityTypeView.swift */ = {isa = PBXFileReference; lastKnownFileType = sourcecode.swift; path = AddQuantityTypeView.swift; sourceTree = "<group>"; };
		A1000001CB /* EditQuantityTypeView.swift */ = {isa = PBXFileReference; lastKnownFileType = sourcecode.swift; path = EditQuantityTypeView.swift; sourceTree = "<group>"; };
		A1000001EA /* AnalyticsView.swift */ = {isa = PBXFileReference; lastKnownFileType = sourcecode.swift; path = AnalyticsView.swift; sourceTree = "<group>"; };
		A10000020A /* EntryHistoryView.swift */ = {isa = PBXFileReference; lastKnownFileType = sourcecode.swift; path = EntryHistoryView.swift; sourceTree = "<group>"; };
		A10000022A /* LogEntryIntent.swift */ = {isa = PBXFileReference; lastKnownFileType = sourcecode.swift; path = LogEntryIntent.swift; sourceTree = "<group>"; };
		A10000024A /* AppShortcuts.swift */ = {isa = PBXFileReference; lastKnownFileType = sourcecode.swift; path = AppShortcuts.swift; sourceTree = "<group>"; };
		A10000025A /* Numpad.app */ = {isa = PBXFileReference; explicitFileType = wrapper.application; includeInIndex = 0; path = Numpad.app; sourceTree = BUILT_PRODUCTS_DIR; };
		A10000026A /* Info.plist */ = {isa = PBXFileReference; lastKnownFileType = text.plist.xml; path = Info.plist; sourceTree = "<group>"; };
/* End PBXFileReference section */

/* Begin PBXFileSystemSynchronizedRootGroup section */
		85427FC62EA2079B0052426E /* Utilities */ = {isa = PBXFileSystemSynchronizedRootGroup; explicitFileTypes = {}; explicitFolders = (); name = Utilities; path = Numpad/Utilities; sourceTree = "<group>"; };
		859059C12EA6D262007EFFA7 /* Repositories */ = {isa = PBXFileSystemSynchronizedRootGroup; explicitFileTypes = {}; explicitFolders = (); path = Repositories; sourceTree = "<group>"; };
		85E4917E2EA09B250040BD3A /* NumpadWidget */ = {isa = PBXFileSystemSynchronizedRootGroup; explicitFileTypes = {}; explicitFolders = (); path = NumpadWidget; sourceTree = "<group>"; };
/* End PBXFileSystemSynchronizedRootGroup section */

/* Begin PBXFrameworksBuildPhase section */
		85E491752EA09B240040BD3A /* Frameworks */ = {
			isa = PBXFrameworksBuildPhase;
			buildActionMask = 2147483647;
			files = (
				85E4917D2EA09B250040BD3A /* SwiftUI.framework in Frameworks */,
				85E4917B2EA09B250040BD3A /* WidgetKit.framework in Frameworks */,
			);
			runOnlyForDeploymentPostprocessing = 0;
		};
/* End PBXFrameworksBuildPhase section */

/* Begin PBXGroup section */
		85E491792EA09B240040BD3A /* Frameworks */ = {
			isa = PBXGroup;
			children = (
				85E4917A2EA09B240040BD3A /* WidgetKit.framework */,
				85E4917C2EA09B250040BD3A /* SwiftUI.framework */,
			);
			name = Frameworks;
			sourceTree = "<group>";
		};
		A10000027A = {
			isa = PBXGroup;
			children = (
				A10000028A /* Numpad */,
				85E4917E2EA09B250040BD3A /* NumpadWidget */,
				85E491792EA09B240040BD3A /* Frameworks */,
				A10000029A /* Products */,
				85427FC62EA2079B0052426E /* Utilities */,
			);
			sourceTree = "<group>";
		};
		A10000028A /* Numpad */ = {
			isa = PBXGroup;
			children = (
				850507112EA0285D00F40BA9 /* Numpad.entitlements */,
				A10000002A /* NumpadApp.swift */,
				A1000002AA /* Models */,
				A1000002BA /* ViewModels */,
				A1000002CA /* Views */,
				A1000002DA /* AppIntents */,
				A10000006A /* Assets.xcassets */,
				8512A5642EA0B49A008D893B /* numpad-glass-icon.icon */,
				A10000026A /* Info.plist */,
				859059C12EA6D262007EFFA7 /* Repositories */,
			);
			path = Numpad;
			sourceTree = "<group>";
		};
		A10000029A /* Products */ = {
			isa = PBXGroup;
			children = (
				A10000025A /* Numpad.app */,
				85E491782EA09B240040BD3A /* NumpadWidgetExtension.appex */,
			);
			name = Products;
			sourceTree = "<group>";
		};
		A1000002AA /* Models */ = {
			isa = PBXGroup;
			children = (
				85349F8B2EA5A91B005B5624 /* AggregationPeriod.swift */,
				A10000008A /* ValueFormat.swift */,
				A10000008C /* AggregationType.swift */,
				A1000000AA /* QuantityType.swift */,
				A1000000CA /* Entry.swift */,
			);
			path = Models;
			sourceTree = "<group>";
		};
		A1000002BA /* ViewModels */ = {
			isa = PBXGroup;
			children = (
				A1000000EA /* EntryViewModel.swift */,
				A10000010A /* QuantityTypeViewModel.swift */,
				A10000012A /* AnalyticsViewModel.swift */,
			);
			path = ViewModels;
			sourceTree = "<group>";
		};
		A1000002CA /* Views */ = {
			isa = PBXGroup;
			children = (
				A10000004A /* ContentView.swift */,
				A1000001AA /* AddEntryView.swift */,
				A1000001CA /* AddQuantityTypeView.swift */,
				A1000001CB /* EditQuantityTypeView.swift */,
				A1000001EA /* AnalyticsView.swift */,
				A10000020A /* EntryHistoryView.swift */,
				A1000002EA /* Components */,
			);
			path = Views;
			sourceTree = "<group>";
		};
		A1000002DA /* AppIntents */ = {
			isa = PBXGroup;
			children = (
				A10000022A /* LogEntryIntent.swift */,
				A10000024A /* AppShortcuts.swift */,
			);
			path = AppIntents;
			sourceTree = "<group>";
		};
		A1000002EA /* Components */ = {
			isa = PBXGroup;
			children = (
				85427FBE2EA2070D0052426E /* ActivityViewController.swift */,
				85427FBF2EA2070D0052426E /* QuantityTypeRow.swift */,
				A10000014A /* DurationPicker.swift */,
				A10000016A /* ValueInputView.swift */,
				A10000018A /* QuantityTypeCard.swift */,
			);
			path = Components;
			sourceTree = "<group>";
		};
/* End PBXGroup section */

/* Begin PBXNativeTarget section */
		85E491772EA09B240040BD3A /* NumpadWidgetExtension */ = {
			isa = PBXNativeTarget;
			buildConfigurationList = 85E4918F2EA09B260040BD3A /* Build configuration list for PBXNativeTarget "NumpadWidgetExtension" */;
			buildPhases = (
				85E491742EA09B240040BD3A /* Sources */,
				85E491752EA09B240040BD3A /* Frameworks */,
				85E491762EA09B240040BD3A /* Resources */,
			);
			buildRules = (
			);
			dependencies = (
			);
			fileSystemSynchronizedGroups = (
				85E4917E2EA09B250040BD3A /* NumpadWidget */,
			);
			name = NumpadWidgetExtension;
			packageProductDependencies = (
			);
			productName = NumpadWidgetExtension;
			productReference = 85E491782EA09B240040BD3A /* NumpadWidgetExtension.appex */;
			productType = "com.apple.product-type.app-extension";
		};
		A1000002FA /* Numpad */ = {
			isa = PBXNativeTarget;
			buildConfigurationList = A10000030A /* Build configuration list for PBXNativeTarget "Numpad" */;
			buildPhases = (
				A10000031A /* Sources */,
				A10000032A /* Resources */,
				85E4918B2EA09B260040BD3A /* Embed Foundation Extensions */,
			);
			buildRules = (
			);
			dependencies = (
				85E491892EA09B260040BD3A /* PBXTargetDependency */,
			);
			fileSystemSynchronizedGroups = (
				85427FC62EA2079B0052426E /* Utilities */,
				859059C12EA6D262007EFFA7 /* Repositories */,
			);
			name = Numpad;
			productName = Numpad;
			productReference = A10000025A /* Numpad.app */;
			productType = "com.apple.product-type.application";
		};
/* End PBXNativeTarget section */

/* Begin PBXProject section */
		A10000033A /* Project object */ = {
			isa = PBXProject;
			attributes = {
				BuildIndependentTargetsInParallel = 1;
				LastSwiftUpdateCheck = 2600;
				LastUpgradeCheck = 2600;
				TargetAttributes = {
					85E491772EA09B240040BD3A = {
						CreatedOnToolsVersion = 26.0.1;
					};
					A1000002FA = {
						CreatedOnToolsVersion = 16.0;
					};
				};
			};
			buildConfigurationList = A10000034A /* Build configuration list for PBXProject "Numpad" */;
			compatibilityVersion = "Xcode 14.0";
			developmentRegion = en;
			hasScannedForEncodings = 0;
			knownRegions = (
				en,
				Base,
			);
			mainGroup = A10000027A;
			productRefGroup = A10000029A /* Products */;
			projectDirPath = "";
			projectRoot = "";
			targets = (
				A1000002FA /* Numpad */,
				85E491772EA09B240040BD3A /* NumpadWidgetExtension */,
			);
		};
/* End PBXProject section */

/* Begin PBXResourcesBuildPhase section */
		85E491762EA09B240040BD3A /* Resources */ = {
			isa = PBXResourcesBuildPhase;
			buildActionMask = 2147483647;
			files = (
			);
			runOnlyForDeploymentPostprocessing = 0;
		};
		A10000032A /* Resources */ = {
			isa = PBXResourcesBuildPhase;
			buildActionMask = 2147483647;
			files = (
				A10000005A /* Assets.xcassets in Resources */,
				8512A5652EA0B49A008D893B /* numpad-glass-icon.icon in Resources */,
			);
			runOnlyForDeploymentPostprocessing = 0;
		};
/* End PBXResourcesBuildPhase section */

/* Begin PBXSourcesBuildPhase section */
		85E491742EA09B240040BD3A /* Sources */ = {
			isa = PBXSourcesBuildPhase;
			buildActionMask = 2147483647;
			files = (
			);
			runOnlyForDeploymentPostprocessing = 0;
		};
		A10000031A /* Sources */ = {
			isa = PBXSourcesBuildPhase;
			buildActionMask = 2147483647;
			files = (
				A10000001A /* NumpadApp.swift in Sources */,
				A10000003A /* ContentView.swift in Sources */,
				A10000007A /* ValueFormat.swift in Sources */,
				A10000008B /* AggregationType.swift in Sources */,
				85427FC02EA2070D0052426E /* QuantityTypeRow.swift in Sources */,
				85349F8C2EA5A91B005B5624 /* AggregationPeriod.swift in Sources */,
				85427FC12EA2070D0052426E /* ActivityViewController.swift in Sources */,
				A10000009A /* QuantityType.swift in Sources */,
				A1000000BA /* Entry.swift in Sources */,
				A1000000DA /* EntryViewModel.swift in Sources */,
				A1000000FA /* QuantityTypeViewModel.swift in Sources */,
				A10000011A /* AnalyticsViewModel.swift in Sources */,
				A10000013A /* DurationPicker.swift in Sources */,
				A10000015A /* ValueInputView.swift in Sources */,
				A10000017A /* QuantityTypeCard.swift in Sources */,
				A10000019A /* AddEntryView.swift in Sources */,
				A1000001BA /* AddQuantityTypeView.swift in Sources */,
				A1000001BB /* EditQuantityTypeView.swift in Sources */,
				A1000001DA /* AnalyticsView.swift in Sources */,
				A1000001FA /* EntryHistoryView.swift in Sources */,
				A10000021A /* LogEntryIntent.swift in Sources */,
				A10000023A /* AppShortcuts.swift in Sources */,
			);
			runOnlyForDeploymentPostprocessing = 0;
		};
/* End PBXSourcesBuildPhase section */

/* Begin PBXTargetDependency section */
		85E491892EA09B260040BD3A /* PBXTargetDependency */ = {
			isa = PBXTargetDependency;
			target = 85E491772EA09B240040BD3A /* NumpadWidgetExtension */;
			targetProxy = 85E491882EA09B260040BD3A /* PBXContainerItemProxy */;
		};
/* End PBXTargetDependency section */

/* Begin XCBuildConfiguration section */
		85E4918C2EA09B260040BD3A /* Debug */ = {
			isa = XCBuildConfiguration;
			buildSettings = {
				ASSETCATALOG_COMPILER_GLOBAL_ACCENT_COLOR_NAME = AccentColor;
				ASSETCATALOG_COMPILER_WIDGET_BACKGROUND_COLOR_NAME = WidgetBackground;
				CODE_SIGN_ENTITLEMENTS = NumpadWidget.entitlements;
				CODE_SIGN_STYLE = Automatic;
				CURRENT_PROJECT_VERSION = 1;
				DEVELOPMENT_TEAM = 4GU56C3WPH;
				GENERATE_INFOPLIST_FILE = NO;
				INFOPLIST_FILE = NumpadWidgetExtensionInfo.plist;
				IPHONEOS_DEPLOYMENT_TARGET = 17.0;
				LD_RUNPATH_SEARCH_PATHS = (
					"$(inherited)",
					"@executable_path/Frameworks",
					"@executable_path/../../Frameworks",
				);
				MARKETING_VERSION = 1.0;
				PRODUCT_BUNDLE_IDENTIFIER = com.bennywijatno.numpad.app.NumpadWidget;
				PRODUCT_NAME = "$(TARGET_NAME)";
				SKIP_INSTALL = YES;
				STRING_CATALOG_GENERATE_SYMBOLS = YES;
				SWIFT_APPROACHABLE_CONCURRENCY = YES;
				SWIFT_EMIT_LOC_STRINGS = YES;
				SWIFT_UPCOMING_FEATURE_MEMBER_IMPORT_VISIBILITY = YES;
				SWIFT_VERSION = 5.0;
				TARGETED_DEVICE_FAMILY = "1,2";
			};
			name = Debug;
		};
		85E4918D2EA09B260040BD3A /* Release */ = {
			isa = XCBuildConfiguration;
			buildSettings = {
				ASSETCATALOG_COMPILER_GLOBAL_ACCENT_COLOR_NAME = AccentColor;
				ASSETCATALOG_COMPILER_WIDGET_BACKGROUND_COLOR_NAME = WidgetBackground;
				CODE_SIGN_ENTITLEMENTS = NumpadWidget.entitlements;
				CODE_SIGN_STYLE = Automatic;
				CURRENT_PROJECT_VERSION = 1;
				DEVELOPMENT_TEAM = 4GU56C3WPH;
				GENERATE_INFOPLIST_FILE = NO;
				INFOPLIST_FILE = NumpadWidgetExtensionInfo.plist;
				IPHONEOS_DEPLOYMENT_TARGET = 17.0;
				LD_RUNPATH_SEARCH_PATHS = (
					"$(inherited)",
					"@executable_path/Frameworks",
					"@executable_path/../../Frameworks",
				);
				MARKETING_VERSION = 1.0;
				PRODUCT_BUNDLE_IDENTIFIER = com.bennywijatno.numpad.app.NumpadWidget;
				PRODUCT_NAME = "$(TARGET_NAME)";
				SKIP_INSTALL = YES;
				STRING_CATALOG_GENERATE_SYMBOLS = YES;
				SWIFT_APPROACHABLE_CONCURRENCY = YES;
				SWIFT_EMIT_LOC_STRINGS = YES;
				SWIFT_UPCOMING_FEATURE_MEMBER_IMPORT_VISIBILITY = YES;
				SWIFT_VERSION = 5.0;
				TARGETED_DEVICE_FAMILY = "1,2";
			};
			name = Release;
		};
		A10000035A /* Debug */ = {
			isa = XCBuildConfiguration;
			buildSettings = {
				ALWAYS_SEARCH_USER_PATHS = NO;
				ASSETCATALOG_COMPILER_GENERATE_SWIFT_ASSET_SYMBOL_EXTENSIONS = YES;
				CLANG_ANALYZER_NONNULL = YES;
				CLANG_ANALYZER_NUMBER_OBJECT_CONVERSION = YES_AGGRESSIVE;
				CLANG_CXX_LANGUAGE_STANDARD = "gnu++20";
				CLANG_ENABLE_MODULES = YES;
				CLANG_ENABLE_OBJC_ARC = YES;
				CLANG_ENABLE_OBJC_WEAK = YES;
				CLANG_WARN_BLOCK_CAPTURE_AUTORELEASING = YES;
				CLANG_WARN_BOOL_CONVERSION = YES;
				CLANG_WARN_COMMA = YES;
				CLANG_WARN_CONSTANT_CONVERSION = YES;
				CLANG_WARN_DEPRECATED_OBJC_IMPLEMENTATIONS = YES;
				CLANG_WARN_DIRECT_OBJC_ISA_USAGE = YES_ERROR;
				CLANG_WARN_DOCUMENTATION_COMMENTS = YES;
				CLANG_WARN_EMPTY_BODY = YES;
				CLANG_WARN_ENUM_CONVERSION = YES;
				CLANG_WARN_INFINITE_RECURSION = YES;
				CLANG_WARN_INT_CONVERSION = YES;
				CLANG_WARN_NON_LITERAL_NULL_CONVERSION = YES;
				CLANG_WARN_OBJC_IMPLICIT_RETAIN_SELF = YES;
				CLANG_WARN_OBJC_LITERAL_CONVERSION = YES;
				CLANG_WARN_OBJC_ROOT_CLASS = YES_ERROR;
				CLANG_WARN_QUOTED_INCLUDE_IN_FRAMEWORK_HEADER = YES;
				CLANG_WARN_RANGE_LOOP_ANALYSIS = YES;
				CLANG_WARN_STRICT_PROTOTYPES = YES;
				CLANG_WARN_SUSPICIOUS_MOVE = YES;
				CLANG_WARN_UNGUARDED_AVAILABILITY = YES_AGGRESSIVE;
				CLANG_WARN_UNREACHABLE_CODE = YES;
				CLANG_WARN__DUPLICATE_METHOD_MATCH = YES;
				COPY_PHASE_STRIP = NO;
				DEBUG_INFORMATION_FORMAT = dwarf;
				DEVELOPMENT_TEAM = 4GU56C3WPH;
				ENABLE_STRICT_OBJC_MSGSEND = YES;
				ENABLE_TESTABILITY = YES;
				ENABLE_USER_SCRIPT_SANDBOXING = YES;
				GCC_C_LANGUAGE_STANDARD = gnu17;
				GCC_DYNAMIC_NO_PIC = NO;
				GCC_NO_COMMON_BLOCKS = YES;
				GCC_OPTIMIZATION_LEVEL = 0;
				GCC_PREPROCESSOR_DEFINITIONS = (
					"DEBUG=1",
					"$(inherited)",
				);
				GCC_WARN_64_TO_32_BIT_CONVERSION = YES;
				GCC_WARN_ABOUT_RETURN_TYPE = YES_ERROR;
				GCC_WARN_UNDECLARED_SELECTOR = YES;
				GCC_WARN_UNINITIALIZED_AUTOS = YES_AGGRESSIVE;
				GCC_WARN_UNUSED_FUNCTION = YES;
				GCC_WARN_UNUSED_VARIABLE = YES;
				IPHONEOS_DEPLOYMENT_TARGET = 17.0;
				LOCALIZATION_PREFERS_STRING_CATALOGS = YES;
				MTL_ENABLE_DEBUG_INFO = INCLUDE_SOURCE;
				MTL_FAST_MATH = YES;
				ONLY_ACTIVE_ARCH = YES;
				SDKROOT = iphoneos;
				STRING_CATALOG_GENERATE_SYMBOLS = YES;
				SWIFT_ACTIVE_COMPILATION_CONDITIONS = "DEBUG $(inherited)";
				SWIFT_OPTIMIZATION_LEVEL = "-Onone";
			};
			name = Debug;
		};
		A10000036A /* Release */ = {
			isa = XCBuildConfiguration;
			buildSettings = {
				ALWAYS_SEARCH_USER_PATHS = NO;
				ASSETCATALOG_COMPILER_GENERATE_SWIFT_ASSET_SYMBOL_EXTENSIONS = YES;
				CLANG_ANALYZER_NONNULL = YES;
				CLANG_ANALYZER_NUMBER_OBJECT_CONVERSION = YES_AGGRESSIVE;
				CLANG_CXX_LANGUAGE_STANDARD = "gnu++20";
				CLANG_ENABLE_MODULES = YES;
				CLANG_ENABLE_OBJC_ARC = YES;
				CLANG_ENABLE_OBJC_WEAK = YES;
				CLANG_WARN_BLOCK_CAPTURE_AUTORELEASING = YES;
				CLANG_WARN_BOOL_CONVERSION = YES;
				CLANG_WARN_COMMA = YES;
				CLANG_WARN_CONSTANT_CONVERSION = YES;
				CLANG_WARN_DEPRECATED_OBJC_IMPLEMENTATIONS = YES;
				CLANG_WARN_DIRECT_OBJC_ISA_USAGE = YES_ERROR;
				CLANG_WARN_DOCUMENTATION_COMMENTS = YES;
				CLANG_WARN_EMPTY_BODY = YES;
				CLANG_WARN_ENUM_CONVERSION = YES;
				CLANG_WARN_INFINITE_RECURSION = YES;
				CLANG_WARN_INT_CONVERSION = YES;
				CLANG_WARN_NON_LITERAL_NULL_CONVERSION = YES;
				CLANG_WARN_OBJC_IMPLICIT_RETAIN_SELF = YES;
				CLANG_WARN_OBJC_LITERAL_CONVERSION = YES;
				CLANG_WARN_OBJC_ROOT_CLASS = YES_ERROR;
				CLANG_WARN_QUOTED_INCLUDE_IN_FRAMEWORK_HEADER = YES;
				CLANG_WARN_RANGE_LOOP_ANALYSIS = YES;
				CLANG_WARN_STRICT_PROTOTYPES = YES;
				CLANG_WARN_SUSPICIOUS_MOVE = YES;
				CLANG_WARN_UNGUARDED_AVAILABILITY = YES_AGGRESSIVE;
				CLANG_WARN_UNREACHABLE_CODE = YES;
				CLANG_WARN__DUPLICATE_METHOD_MATCH = YES;
				COPY_PHASE_STRIP = NO;
				DEBUG_INFORMATION_FORMAT = "dwarf-with-dsym";
				DEVELOPMENT_TEAM = 4GU56C3WPH;
				ENABLE_NS_ASSERTIONS = NO;
				ENABLE_STRICT_OBJC_MSGSEND = YES;
				ENABLE_USER_SCRIPT_SANDBOXING = YES;
				GCC_C_LANGUAGE_STANDARD = gnu17;
				GCC_NO_COMMON_BLOCKS = YES;
				GCC_WARN_64_TO_32_BIT_CONVERSION = YES;
				GCC_WARN_ABOUT_RETURN_TYPE = YES_ERROR;
				GCC_WARN_UNDECLARED_SELECTOR = YES;
				GCC_WARN_UNINITIALIZED_AUTOS = YES_AGGRESSIVE;
				GCC_WARN_UNUSED_FUNCTION = YES;
				GCC_WARN_UNUSED_VARIABLE = YES;
				IPHONEOS_DEPLOYMENT_TARGET = 17.0;
				LOCALIZATION_PREFERS_STRING_CATALOGS = YES;
				MTL_ENABLE_DEBUG_INFO = NO;
				MTL_FAST_MATH = YES;
				SDKROOT = iphoneos;
				STRING_CATALOG_GENERATE_SYMBOLS = YES;
				SWIFT_COMPILATION_MODE = wholemodule;
				VALIDATE_PRODUCT = YES;
			};
			name = Release;
		};
		A10000037A /* Debug */ = {
			isa = XCBuildConfiguration;
			buildSettings = {
				ASSETCATALOG_COMPILER_APPICON_NAME = "numpad-glass-icon";
				ASSETCATALOG_COMPILER_GLOBAL_ACCENT_COLOR_NAME = AccentColor;
				ASSETCATALOG_COMPILER_INCLUDE_ALL_APPICON_ASSETS = YES;
				CODE_SIGN_ENTITLEMENTS = Numpad/Numpad.entitlements;
				CODE_SIGN_STYLE = Automatic;
				CURRENT_PROJECT_VERSION = 1;
				ENABLE_PREVIEWS = YES;
				GENERATE_INFOPLIST_FILE = YES;
				INFOPLIST_FILE = Numpad/Info.plist;
				INFOPLIST_KEY_CFBundleDisplayName = Numpad;
				INFOPLIST_KEY_LSApplicationCategoryType = "public.app-category.utilities";
				INFOPLIST_KEY_NSSiriUsageDescription = "Allows us to log data in our app";
				INFOPLIST_KEY_UIApplicationSupportsIndirectInputEvents = YES;
				INFOPLIST_KEY_UILaunchScreen_Generation = YES;
				INFOPLIST_KEY_UISupportedInterfaceOrientations = "UIInterfaceOrientationPortrait UIInterfaceOrientationLandscapeLeft UIInterfaceOrientationLandscapeRight";
				INFOPLIST_KEY_UISupportedInterfaceOrientations_iPad = "UIInterfaceOrientationPortrait UIInterfaceOrientationPortraitUpsideDown UIInterfaceOrientationLandscapeLeft UIInterfaceOrientationLandscapeRight";
				INFOPLIST_KEY_UISupportedInterfaceOrientations_iPhone = "UIInterfaceOrientationPortrait UIInterfaceOrientationLandscapeLeft UIInterfaceOrientationLandscapeRight";
				LD_RUNPATH_SEARCH_PATHS = (
					"$(inherited)",
					"@executable_path/Frameworks",
				);
				MARKETING_VERSION = 1.0;
				PRODUCT_BUNDLE_IDENTIFIER = com.bennywijatno.numpad.app;
				PRODUCT_NAME = "$(TARGET_NAME)";
				SWIFT_EMIT_LOC_STRINGS = YES;
				SWIFT_VERSION = 5.0;
				TARGETED_DEVICE_FAMILY = "1,2";
			};
			name = Debug;
		};
		A10000038A /* Release */ = {
			isa = XCBuildConfiguration;
			buildSettings = {
				ASSETCATALOG_COMPILER_APPICON_NAME = "numpad-glass-icon";
				ASSETCATALOG_COMPILER_GLOBAL_ACCENT_COLOR_NAME = AccentColor;
				ASSETCATALOG_COMPILER_INCLUDE_ALL_APPICON_ASSETS = YES;
				CODE_SIGN_ENTITLEMENTS = Numpad/Numpad.entitlements;
				CODE_SIGN_STYLE = Automatic;
				CURRENT_PROJECT_VERSION = 1;
				ENABLE_PREVIEWS = YES;
				GENERATE_INFOPLIST_FILE = YES;
				INFOPLIST_FILE = Numpad/Info.plist;
				INFOPLIST_KEY_CFBundleDisplayName = Numpad;
				INFOPLIST_KEY_LSApplicationCategoryType = "public.app-category.utilities";
				INFOPLIST_KEY_NSSiriUsageDescription = "Allows us to log data in our app";
				INFOPLIST_KEY_UIApplicationSupportsIndirectInputEvents = YES;
				INFOPLIST_KEY_UILaunchScreen_Generation = YES;
				INFOPLIST_KEY_UISupportedInterfaceOrientations = "UIInterfaceOrientationPortrait UIInterfaceOrientationLandscapeLeft UIInterfaceOrientationLandscapeRight";
				INFOPLIST_KEY_UISupportedInterfaceOrientations_iPad = "UIInterfaceOrientationPortrait UIInterfaceOrientationPortraitUpsideDown UIInterfaceOrientationLandscapeLeft UIInterfaceOrientationLandscapeRight";
				INFOPLIST_KEY_UISupportedInterfaceOrientations_iPhone = "UIInterfaceOrientationPortrait UIInterfaceOrientationLandscapeLeft UIInterfaceOrientationLandscapeRight";
				LD_RUNPATH_SEARCH_PATHS = (
					"$(inherited)",
					"@executable_path/Frameworks",
				);
				MARKETING_VERSION = 1.0;
				PRODUCT_BUNDLE_IDENTIFIER = com.bennywijatno.numpad.app;
				PRODUCT_NAME = "$(TARGET_NAME)";
				SWIFT_EMIT_LOC_STRINGS = YES;
				SWIFT_VERSION = 5.0;
				TARGETED_DEVICE_FAMILY = "1,2";
			};
			name = Release;
		};
/* End XCBuildConfiguration section */

/* Begin XCConfigurationList section */
		85E4918F2EA09B260040BD3A /* Build configuration list for PBXNativeTarget "NumpadWidgetExtension" */ = {
			isa = XCConfigurationList;
			buildConfigurations = (
				85E4918C2EA09B260040BD3A /* Debug */,
				85E4918D2EA09B260040BD3A /* Release */,
			);
			defaultConfigurationIsVisible = 0;
			defaultConfigurationName = Release;
		};
		A10000030A /* Build configuration list for PBXNativeTarget "Numpad" */ = {
			isa = XCConfigurationList;
			buildConfigurations = (
				A10000037A /* Debug */,
				A10000038A /* Release */,
			);
			defaultConfigurationIsVisible = 0;
			defaultConfigurationName = Release;
		};
		A10000034A /* Build configuration list for PBXProject "Numpad" */ = {
			isa = XCConfigurationList;
			buildConfigurations = (
				A10000035A /* Debug */,
				A10000036A /* Release */,
			);
			defaultConfigurationIsVisible = 0;
			defaultConfigurationName = Release;
		};
/* End XCConfigurationList section */
	};
	rootObject = A10000033A /* Project object */;
}
